
Microsoft Visual Studio Solution File, Format Version 12.00
# Visual Studio Version 16
VisualStudioVersion = 25.0.1706.0
MinimumVisualStudioVersion = 10.0.40219.1
Project("{FAE04EC0-301F-11D3-BF4B-00C04F79EFBC}") = "ShapeMaker", "ShapeMaker\ShapeMaker.csproj", "{F9B68F4F-A15A-4DA4-8716-8E8805B0F1AE}"
EndProject
Project("{FAE04EC0-301F-11D3-BF4B-00C04F79EFBC}") = "ShapeMakerTests", "ShapeMakerTests\ShapeMakerTests.csproj", "{0F9CE5BF-834B-4203-8480-BD46D7144D2A}"
EndProject
Project("{FAE04EC0-301F-11D3-BF4B-00C04F79EFBC}") = "ShapeMakerBenchmark", "ShapeMakerBenchmark\ShapeMakerBenchmark.csproj", "{8AFA162B-F3F0-4BA5-A600-67C426C612C6}"
EndProject
Project("{2150E333-8FDC-42A3-9474-1A3956D46DE8}") = "Solution Items", "Solution Items", "{D3698137-6241-47B8-987D-98390093628B}"
	ProjectSection(SolutionItems) = preProject
		README.md = README.md
	EndProjectSection
EndProject
Global
	GlobalSection(SolutionConfigurationPlatforms) = preSolution
		Debug|Any CPU = Debug|Any CPU
		Release|Any CPU = Release|Any CPU
	EndGlobalSection
	GlobalSection(ProjectConfigurationPlatforms) = postSolution
		{F9B68F4F-A15A-4DA4-8716-8E8805B0F1AE}.Debug|Any CPU.ActiveCfg = Debug|Any CPU
		{F9B68F4F-A15A-4DA4-8716-8E8805B0F1AE}.Debug|Any CPU.Build.0 = Debug|Any CPU
		{F9B68F4F-A15A-4DA4-8716-8E8805B0F1AE}.Release|Any CPU.ActiveCfg = Release|Any CPU
		{F9B68F4F-A15A-4DA4-8716-8E8805B0F1AE}.Release|Any CPU.Build.0 = Release|Any CPU
		{0F9CE5BF-834B-4203-8480-BD46D7144D2A}.Debug|Any CPU.ActiveCfg = Debug|Any CPU
		{0F9CE5BF-834B-4203-8480-BD46D7144D2A}.Debug|Any CPU.Build.0 = Debug|Any CPU
		{0F9CE5BF-834B-4203-8480-BD46D7144D2A}.Release|Any CPU.ActiveCfg = Release|Any CPU
		{0F9CE5BF-834B-4203-8480-BD46D7144D2A}.Release|Any CPU.Build.0 = Release|Any CPU
		{8AFA162B-F3F0-4BA5-A600-67C426C612C6}.Debug|Any CPU.ActiveCfg = Debug|Any CPU
		{8AFA162B-F3F0-4BA5-A600-67C426C612C6}.Debug|Any CPU.Build.0 = Debug|Any CPU
		{8AFA162B-F3F0-4BA5-A600-67C426C612C6}.Release|Any CPU.ActiveCfg = Release|Any CPU
		{8AFA162B-F3F0-4BA5-A600-67C426C612C6}.Release|Any CPU.Build.0 = Release|Any CPU
	EndGlobalSection
	GlobalSection(SolutionProperties) = preSolution
		HideSolutionNode = FALSE
	EndGlobalSection
	GlobalSection(ExtensibilityGlobals) = postSolution
		SolutionGuid = {D3D0F7E2-B9DD-4E76-BC09-2811E83ACE88}
	EndGlobalSection
EndGlobal
